
Microsoft Visual Studio Solution File, Format Version 12.00
# Visual Studio Version 16
VisualStudioVersion = 16.0.30717.126
MinimumVisualStudioVersion = 10.0.40219.1
Project("{8BC9CEB8-8B4A-11D0-8D11-00A0C91BC942}") = "Queue", "Queue.vcxproj", "{C5452471-FD0E-4EA1-AE92-41D87861B7BA}"
EndProject
Project("{8BC9CEB8-8B4A-11D0-8D11-00A0C91BC942}") = "GTest", "..\GTest\GTest.vcxproj", "{6A412770-6773-46FA-8305-C5DD6A03F2F4}"
EndProject
Project("{8BC9CEB8-8B4A-11D0-8D11-00A0C91BC942}") = "Draw_q", "..\Draw_q\Draw_q.vcxproj", "{3DB2C25F-EBDD-4E93-96B3-BB10980F479C}"
EndProject
Global
	GlobalSection(SolutionConfigurationPlatforms) = preSolution
		Debug|x64 = Debug|x64
		Debug|x86 = Debug|x86
		Release|x64 = Release|x64
		Release|x86 = Release|x86
	EndGlobalSection
	GlobalSection(ProjectConfigurationPlatforms) = postSolution
		{C5452471-FD0E-4EA1-AE92-41D87861B7BA}.Debug|x64.ActiveCfg = Debug|x64
		{C5452471-FD0E-4EA1-AE92-41D87861B7BA}.Debug|x64.Build.0 = Debug|x64
		{C5452471-FD0E-4EA1-AE92-41D87861B7BA}.Debug|x86.ActiveCfg = Debug|Win32
		{C5452471-FD0E-4EA1-AE92-41D87861B7BA}.Debug|x86.Build.0 = Debug|Win32
		{C5452471-FD0E-4EA1-AE92-41D87861B7BA}.Release|x64.ActiveCfg = Release|x64
		{C5452471-FD0E-4EA1-AE92-41D87861B7BA}.Release|x64.Build.0 = Release|x64
		{C5452471-FD0E-4EA1-AE92-41D87861B7BA}.Release|x86.ActiveCfg = Release|Win32
		{C5452471-FD0E-4EA1-AE92-41D87861B7BA}.Release|x86.Build.0 = Release|Win32
		{6A412770-6773-46FA-8305-C5DD6A03F2F4}.Debug|x64.ActiveCfg = Debug|x64
		{6A412770-6773-46FA-8305-C5DD6A03F2F4}.Debug|x64.Build.0 = Debug|x64
		{6A412770-6773-46FA-8305-C5DD6A03F2F4}.Debug|x86.ActiveCfg = Debug|Win32
		{6A412770-6773-46FA-8305-C5DD6A03F2F4}.Debug|x86.Build.0 = Debug|Win32
		{6A412770-6773-46FA-8305-C5DD6A03F2F4}.Release|x64.ActiveCfg = Release|x64
		{6A412770-6773-46FA-8305-C5DD6A03F2F4}.Release|x64.Build.0 = Release|x64
		{6A412770-6773-46FA-8305-C5DD6A03F2F4}.Release|x86.ActiveCfg = Release|Win32
		{6A412770-6773-46FA-8305-C5DD6A03F2F4}.Release|x86.Build.0 = Release|Win32
		{3DB2C25F-EBDD-4E93-96B3-BB10980F479C}.Debug|x64.ActiveCfg = Debug|x64
		{3DB2C25F-EBDD-4E93-96B3-BB10980F479C}.Debug|x64.Build.0 = Debug|x64
		{3DB2C25F-EBDD-4E93-96B3-BB10980F479C}.Debug|x86.ActiveCfg = Debug|Win32
		{3DB2C25F-EBDD-4E93-96B3-BB10980F479C}.Debug|x86.Build.0 = Debug|Win32
		{3DB2C25F-EBDD-4E93-96B3-BB10980F479C}.Release|x64.ActiveCfg = Release|x64
		{3DB2C25F-EBDD-4E93-96B3-BB10980F479C}.Release|x64.Build.0 = Release|x64
		{3DB2C25F-EBDD-4E93-96B3-BB10980F479C}.Release|x86.ActiveCfg = Release|Win32
		{3DB2C25F-EBDD-4E93-96B3-BB10980F479C}.Release|x86.Build.0 = Release|Win32
	EndGlobalSection
	GlobalSection(SolutionProperties) = preSolution
		HideSolutionNode = FALSE
	EndGlobalSection
	GlobalSection(ExtensibilityGlobals) = postSolution
		SolutionGuid = {FC3C83C4-BFAB-44E6-AA66-6334AEE10200}
	EndGlobalSection
EndGlobal
